
Microsoft Visual Studio Solution File, Format Version 12.00
# Visual Studio Version 17
VisualStudioVersion = 17.7.34003.232
MinimumVisualStudioVersion = 10.0.40219.1
Project("{9A19103F-16F7-4668-BE54-9A1E7A4F7556}") = "AllProject.Server", "AllProject\Server\AllProject.Server.csproj", "{034DC10E-E098-4172-8EA2-B97638899FE5}"
EndProject
Project("{9A19103F-16F7-4668-BE54-9A1E7A4F7556}") = "AllProject.Client", "AllProject\Client\AllProject.Client.csproj", "{2B31A4A4-58AD-4C13-BC09-9FEF5BD292E7}"
EndProject
Project("{9A19103F-16F7-4668-BE54-9A1E7A4F7556}") = "AllProject.Shared", "AllProject\Shared\AllProject.Shared.csproj", "{2D9B4F26-29E2-4A7F-97CD-D186336C3CC6}"
EndProject
Global
	GlobalSection(SolutionConfigurationPlatforms) = preSolution
		Debug|Any CPU = Debug|Any CPU
		Release|Any CPU = Release|Any CPU
	EndGlobalSection
	GlobalSection(ProjectConfigurationPlatforms) = postSolution
		{034DC10E-E098-4172-8EA2-B97638899FE5}.Debug|Any CPU.ActiveCfg = Debug|Any CPU
		{034DC10E-E098-4172-8EA2-B97638899FE5}.Debug|Any CPU.Build.0 = Debug|Any CPU
		{034DC10E-E098-4172-8EA2-B97638899FE5}.Release|Any CPU.ActiveCfg = Release|Any CPU
		{034DC10E-E098-4172-8EA2-B97638899FE5}.Release|Any CPU.Build.0 = Release|Any CPU
		{2B31A4A4-58AD-4C13-BC09-9FEF5BD292E7}.Debug|Any CPU.ActiveCfg = Debug|Any CPU
		{2B31A4A4-58AD-4C13-BC09-9FEF5BD292E7}.Debug|Any CPU.Build.0 = Debug|Any CPU
		{2B31A4A4-58AD-4C13-BC09-9FEF5BD292E7}.Release|Any CPU.ActiveCfg = Release|Any CPU
		{2B31A4A4-58AD-4C13-BC09-9FEF5BD292E7}.Release|Any CPU.Build.0 = Release|Any CPU
		{2D9B4F26-29E2-4A7F-97CD-D186336C3CC6}.Debug|Any CPU.ActiveCfg = Debug|Any CPU
		{2D9B4F26-29E2-4A7F-97CD-D186336C3CC6}.Debug|Any CPU.Build.0 = Debug|Any CPU
		{2D9B4F26-29E2-4A7F-97CD-D186336C3CC6}.Release|Any CPU.ActiveCfg = Release|Any CPU
		{2D9B4F26-29E2-4A7F-97CD-D186336C3CC6}.Release|Any CPU.Build.0 = Release|Any CPU
	EndGlobalSection
	GlobalSection(SolutionProperties) = preSolution
		HideSolutionNode = FALSE
	EndGlobalSection
	GlobalSection(ExtensibilityGlobals) = postSolution
		SolutionGuid = {04DD86D9-379C-41BD-BBC6-A53820FFFB9C}
	EndGlobalSection
EndGlobal
